Microsoft Visual Studio Solution File, Format Version 12.00
# Visual Studio Version 17
VisualStudioVersion = 17.0.31912.275
MinimumVisualStudioVersion = 10.0.40219.1
Project("{9A19103F-16F7-4668-BE54-9A1E7A4F7556}") = "HW.05.Task1", "HW.05.Task1\HW.05.Task1.csproj", "{6F6B9E8E-19F8-46C7-B125-5B2E435540C8}"
EndProject
Project("{9A19103F-16F7-4668-BE54-9A1E7A4F7556}") = "HW.05.Task2", "HW.05.Task2\HW.05.Task2.csproj", "{A38DF0B3-2FC5-48AE-BD0C-F59300D4E80A}"
EndProject
Project("{9A19103F-16F7-4668-BE54-9A1E7A4F7556}") = "HW.05.Task3", "HW.05.Task3\HW.05.Task3.csproj", "{4681B27D-AEF4-4F38-8594-A05A7C548FF1}"
EndProject
Project("{9A19103F-16F7-4668-BE54-9A1E7A4F7556}") = "HW.05.Task3(performance)", "HW.03.Task3(performance)\HW.05.Task3(performance).csproj", "{89231308-A41D-470F-92EE-76591AF6747B}"
EndProject
Project("{9A19103F-16F7-4668-BE54-9A1E7A4F7556}") = "HW.05.Task4", "HW.05.Task4\HW.05.Task4.csproj", "{713E598C-8C74-4AE1-BACB-82AC6B6ADF31}"
EndProject
Project("{9A19103F-16F7-4668-BE54-9A1E7A4F7556}") = "HW.05.GoodDay", "HW.05.GoodDay\HW.05.GoodDay.csproj", "{881E779A-4106-451E-9A08-DEB68AEE6C5C}"
EndProject
Project("{9A19103F-16F7-4668-BE54-9A1E7A4F7556}") = "HW.06.Task1", "HW.06.Task1\HW.06.Task1.csproj", "{11902191-8B9D-4A9E-81A5-05752548E6D9}"
EndProject
Project("{9A19103F-16F7-4668-BE54-9A1E7A4F7556}") = "HW.06.Task2", "HW.06.Task2\HW.06.Task2.csproj", "{743E8FEB-40CA-426E-A319-EA9BA5B64256}"
EndProject
Project("{9A19103F-16F7-4668-BE54-9A1E7A4F7556}") = "HW.06.Task3", "HW.06.Task3\HW.06.Task3.csproj", "{62C0A088-491F-4206-93E3-641C31FB0E71}"
EndProject
Project("{9A19103F-16F7-4668-BE54-9A1E7A4F7556}") = "HW.06.Task4", "HW.06.Task4\HW.06.Task4.csproj", "{279DCFDB-947E-4F31-8478-0D6DAAA28A0E}"
EndProject
Project("{9A19103F-16F7-4668-BE54-9A1E7A4F7556}") = "HW.06.Task5", "HW.06.Task5\HW.06.Task5.csproj", "{9869BFA2-554E-42E1-A398-4F088F222C42}"
EndProject
Project("{9A19103F-16F7-4668-BE54-9A1E7A4F7556}") = "HW10.Task1", "HW10.Task1\HW10.Task1.csproj", "{B6784210-56EB-4F75-8B1B-C420D8329D94}"
EndProject
Project("{9A19103F-16F7-4668-BE54-9A1E7A4F7556}") = "HW10.Task2", "HW10.Task2\HW10.Task2.csproj", "{94854A43-6493-4E0B-AC39-A84208C19969}"
EndProject
Project("{9A19103F-16F7-4668-BE54-9A1E7A4F7556}") = "HW10.Task3", "HW10.Task3\HW10.Task3.csproj", "{E6474A70-3042-48AC-8164-C61AC6AE7E7A}"
EndProject
Project("{9A19103F-16F7-4668-BE54-9A1E7A4F7556}") = "HW.09.Task1", "HW.09.Task1\HW.09.Task1.csproj", "{4EFBD592-D369-492C-BF1A-5D2E65FF3933}"
EndProject
Project("{9A19103F-16F7-4668-BE54-9A1E7A4F7556}") = "HW.09.Task2", "HW.09.Task2\HW.09.Task2.csproj", "{615B635B-147D-41A9-9A6F-E0F381306E40}"
EndProject
Project("{9A19103F-16F7-4668-BE54-9A1E7A4F7556}") = "HW.09.Booking.Com", "HW.09.Booking.Com\HW.09.Booking.Com.csproj", "{21DD7D4A-E64D-4C41-989A-B28F891EAB4E}"
EndProject
Project("{9A19103F-16F7-4668-BE54-9A1E7A4F7556}") = "HW.08.Task1", "HW.08.Task1\HW.08.Task1.csproj", "{B045BBF4-4824-4529-8522-0422B301454E}"
EndProject
Project("{9A19103F-16F7-4668-BE54-9A1E7A4F7556}") = "HW.08.Task3", "HW.08.Task3\HW.08.Task3.csproj", "{F0C4EDEA-3316-4223-8C4E-ECA70583C094}"
EndProject
Project("{9A19103F-16F7-4668-BE54-9A1E7A4F7556}") = "AssemblyOne", "AssemblyOne\AssemblyOne.csproj", "{B2F4DAB2-6467-406E-AC7E-BA719C42AAA0}"
EndProject
Project("{9A19103F-16F7-4668-BE54-9A1E7A4F7556}") = "AssemblyTwo", "AssemblyTwo\AssemblyTwo.csproj", "{0C9ED47C-1276-4586-B6D9-54E029AE8B8F}"
EndProject
Project("{9A19103F-16F7-4668-BE54-9A1E7A4F7556}") = "HW13.Task1", "HW13.Task1\HW13.Task1.csproj", "{C28388FD-17B2-41DA-84B6-E2BE5798A491}"
EndProject
Project("{FAE04EC0-301F-11D3-BF4B-00C04F79EFBC}") = "HW13.Task2", "HW13.Task2\HW13.Task2.csproj", "{569CA80B-E98E-43A9-B6C4-667A7257ABB8}"
EndProject
Global
	GlobalSection(SolutionConfigurationPlatforms) = preSolution
		Debug|Any CPU = Debug|Any CPU
		Release|Any CPU = Release|Any CPU
	EndGlobalSection
	GlobalSection(ProjectConfigurationPlatforms) = postSolution
		{6F6B9E8E-19F8-46C7-B125-5B2E435540C8}.Debug|Any CPU.ActiveCfg = Debug|Any CPU
		{6F6B9E8E-19F8-46C7-B125-5B2E435540C8}.Debug|Any CPU.Build.0 = Debug|Any CPU
		{6F6B9E8E-19F8-46C7-B125-5B2E435540C8}.Release|Any CPU.ActiveCfg = Release|Any CPU
		{6F6B9E8E-19F8-46C7-B125-5B2E435540C8}.Release|Any CPU.Build.0 = Release|Any CPU
		{A38DF0B3-2FC5-48AE-BD0C-F59300D4E80A}.Debug|Any CPU.ActiveCfg = Debug|Any CPU
		{A38DF0B3-2FC5-48AE-BD0C-F59300D4E80A}.Debug|Any CPU.Build.0 = Debug|Any CPU
		{A38DF0B3-2FC5-48AE-BD0C-F59300D4E80A}.Release|Any CPU.ActiveCfg = Release|Any CPU
		{A38DF0B3-2FC5-48AE-BD0C-F59300D4E80A}.Release|Any CPU.Build.0 = Release|Any CPU
		{4681B27D-AEF4-4F38-8594-A05A7C548FF1}.Debug|Any CPU.ActiveCfg = Debug|Any CPU
		{4681B27D-AEF4-4F38-8594-A05A7C548FF1}.Debug|Any CPU.Build.0 = Debug|Any CPU
		{4681B27D-AEF4-4F38-8594-A05A7C548FF1}.Release|Any CPU.ActiveCfg = Release|Any CPU
		{4681B27D-AEF4-4F38-8594-A05A7C548FF1}.Release|Any CPU.Build.0 = Release|Any CPU
		{89231308-A41D-470F-92EE-76591AF6747B}.Debug|Any CPU.ActiveCfg = Debug|Any CPU
		{89231308-A41D-470F-92EE-76591AF6747B}.Debug|Any CPU.Build.0 = Debug|Any CPU
		{89231308-A41D-470F-92EE-76591AF6747B}.Release|Any CPU.ActiveCfg = Release|Any CPU
		{89231308-A41D-470F-92EE-76591AF6747B}.Release|Any CPU.Build.0 = Release|Any CPU
		{713E598C-8C74-4AE1-BACB-82AC6B6ADF31}.Debug|Any CPU.ActiveCfg = Debug|Any CPU
		{713E598C-8C74-4AE1-BACB-82AC6B6ADF31}.Debug|Any CPU.Build.0 = Debug|Any CPU
		{713E598C-8C74-4AE1-BACB-82AC6B6ADF31}.Release|Any CPU.ActiveCfg = Release|Any CPU
		{713E598C-8C74-4AE1-BACB-82AC6B6ADF31}.Release|Any CPU.Build.0 = Release|Any CPU
		{881E779A-4106-451E-9A08-DEB68AEE6C5C}.Debug|Any CPU.ActiveCfg = Debug|Any CPU
		{881E779A-4106-451E-9A08-DEB68AEE6C5C}.Debug|Any CPU.Build.0 = Debug|Any CPU
		{881E779A-4106-451E-9A08-DEB68AEE6C5C}.Release|Any CPU.ActiveCfg = Release|Any CPU
		{881E779A-4106-451E-9A08-DEB68AEE6C5C}.Release|Any CPU.Build.0 = Release|Any CPU
		{11902191-8B9D-4A9E-81A5-05752548E6D9}.Debug|Any CPU.ActiveCfg = Debug|Any CPU
		{11902191-8B9D-4A9E-81A5-05752548E6D9}.Release|Any CPU.ActiveCfg = Release|Any CPU
		{743E8FEB-40CA-426E-A319-EA9BA5B64256}.Debug|Any CPU.ActiveCfg = Debug|Any CPU
		{743E8FEB-40CA-426E-A319-EA9BA5B64256}.Release|Any CPU.ActiveCfg = Release|Any CPU
		{62C0A088-491F-4206-93E3-641C31FB0E71}.Debug|Any CPU.ActiveCfg = Debug|Any CPU
		{62C0A088-491F-4206-93E3-641C31FB0E71}.Release|Any CPU.ActiveCfg = Release|Any CPU
		{279DCFDB-947E-4F31-8478-0D6DAAA28A0E}.Debug|Any CPU.ActiveCfg = Debug|Any CPU
		{279DCFDB-947E-4F31-8478-0D6DAAA28A0E}.Release|Any CPU.ActiveCfg = Release|Any CPU
		{9869BFA2-554E-42E1-A398-4F088F222C42}.Debug|Any CPU.ActiveCfg = Debug|Any CPU
		{9869BFA2-554E-42E1-A398-4F088F222C42}.Release|Any CPU.ActiveCfg = Release|Any CPU
		{B6784210-56EB-4F75-8B1B-C420D8329D94}.Debug|Any CPU.ActiveCfg = Debug|Any CPU
		{B6784210-56EB-4F75-8B1B-C420D8329D94}.Debug|Any CPU.Build.0 = Debug|Any CPU
		{B6784210-56EB-4F75-8B1B-C420D8329D94}.Release|Any CPU.ActiveCfg = Release|Any CPU
		{B6784210-56EB-4F75-8B1B-C420D8329D94}.Release|Any CPU.Build.0 = Release|Any CPU
		{94854A43-6493-4E0B-AC39-A84208C19969}.Debug|Any CPU.ActiveCfg = Debug|Any CPU
		{94854A43-6493-4E0B-AC39-A84208C19969}.Debug|Any CPU.Build.0 = Debug|Any CPU
		{94854A43-6493-4E0B-AC39-A84208C19969}.Release|Any CPU.ActiveCfg = Release|Any CPU
		{94854A43-6493-4E0B-AC39-A84208C19969}.Release|Any CPU.Build.0 = Release|Any CPU
		{E6474A70-3042-48AC-8164-C61AC6AE7E7A}.Debug|Any CPU.ActiveCfg = Debug|Any CPU
		{E6474A70-3042-48AC-8164-C61AC6AE7E7A}.Debug|Any CPU.Build.0 = Debug|Any CPU
		{E6474A70-3042-48AC-8164-C61AC6AE7E7A}.Release|Any CPU.ActiveCfg = Release|Any CPU
		{E6474A70-3042-48AC-8164-C61AC6AE7E7A}.Release|Any CPU.Build.0 = Release|Any CPU
		{4EFBD592-D369-492C-BF1A-5D2E65FF3933}.Debug|Any CPU.ActiveCfg = Debug|Any CPU
		{4EFBD592-D369-492C-BF1A-5D2E65FF3933}.Debug|Any CPU.Build.0 = Debug|Any CPU
		{4EFBD592-D369-492C-BF1A-5D2E65FF3933}.Release|Any CPU.ActiveCfg = Release|Any CPU
		{4EFBD592-D369-492C-BF1A-5D2E65FF3933}.Release|Any CPU.Build.0 = Release|Any CPU
		{615B635B-147D-41A9-9A6F-E0F381306E40}.Debug|Any CPU.ActiveCfg = Debug|Any CPU
		{615B635B-147D-41A9-9A6F-E0F381306E40}.Debug|Any CPU.Build.0 = Debug|Any CPU
		{615B635B-147D-41A9-9A6F-E0F381306E40}.Release|Any CPU.ActiveCfg = Release|Any CPU
		{615B635B-147D-41A9-9A6F-E0F381306E40}.Release|Any CPU.Build.0 = Release|Any CPU
		{21DD7D4A-E64D-4C41-989A-B28F891EAB4E}.Debug|Any CPU.ActiveCfg = Debug|Any CPU
		{21DD7D4A-E64D-4C41-989A-B28F891EAB4E}.Debug|Any CPU.Build.0 = Debug|Any CPU
		{21DD7D4A-E64D-4C41-989A-B28F891EAB4E}.Release|Any CPU.ActiveCfg = Release|Any CPU
		{21DD7D4A-E64D-4C41-989A-B28F891EAB4E}.Release|Any CPU.Build.0 = Release|Any CPU
		{B045BBF4-4824-4529-8522-0422B301454E}.Debug|Any CPU.ActiveCfg = Debug|Any CPU
		{B045BBF4-4824-4529-8522-0422B301454E}.Debug|Any CPU.Build.0 = Debug|Any CPU
		{B045BBF4-4824-4529-8522-0422B301454E}.Release|Any CPU.ActiveCfg = Release|Any CPU
		{B045BBF4-4824-4529-8522-0422B301454E}.Release|Any CPU.Build.0 = Release|Any CPU
		{F0C4EDEA-3316-4223-8C4E-ECA70583C094}.Debug|Any CPU.ActiveCfg = Debug|Any CPU
		{F0C4EDEA-3316-4223-8C4E-ECA70583C094}.Debug|Any CPU.Build.0 = Debug|Any CPU
		{F0C4EDEA-3316-4223-8C4E-ECA70583C094}.Release|Any CPU.ActiveCfg = Release|Any CPU
		{F0C4EDEA-3316-4223-8C4E-ECA70583C094}.Release|Any CPU.Build.0 = Release|Any CPU
		{B2F4DAB2-6467-406E-AC7E-BA719C42AAA0}.Debug|Any CPU.ActiveCfg = Debug|Any CPU
		{B2F4DAB2-6467-406E-AC7E-BA719C42AAA0}.Debug|Any CPU.Build.0 = Debug|Any CPU
		{B2F4DAB2-6467-406E-AC7E-BA719C42AAA0}.Release|Any CPU.ActiveCfg = Release|Any CPU
		{B2F4DAB2-6467-406E-AC7E-BA719C42AAA0}.Release|Any CPU.Build.0 = Release|Any CPU
		{0C9ED47C-1276-4586-B6D9-54E029AE8B8F}.Debug|Any CPU.ActiveCfg = Debug|Any CPU
		{0C9ED47C-1276-4586-B6D9-54E029AE8B8F}.Debug|Any CPU.Build.0 = Debug|Any CPU
		{0C9ED47C-1276-4586-B6D9-54E029AE8B8F}.Release|Any CPU.ActiveCfg = Release|Any CPU
		{0C9ED47C-1276-4586-B6D9-54E029AE8B8F}.Release|Any CPU.Build.0 = Release|Any CPU
		{C28388FD-17B2-41DA-84B6-E2BE5798A491}.Debug|Any CPU.ActiveCfg = Debug|Any CPU
		{C28388FD-17B2-41DA-84B6-E2BE5798A491}.Debug|Any CPU.Build.0 = Debug|Any CPU
		{C28388FD-17B2-41DA-84B6-E2BE5798A491}.Release|Any CPU.ActiveCfg = Release|Any CPU
		{C28388FD-17B2-41DA-84B6-E2BE5798A491}.Release|Any CPU.Build.0 = Release|Any CPU
		{569CA80B-E98E-43A9-B6C4-667A7257ABB8}.Debug|Any CPU.ActiveCfg = Debug|Any CPU
		{569CA80B-E98E-43A9-B6C4-667A7257ABB8}.Debug|Any CPU.Build.0 = Debug|Any CPU
		{569CA80B-E98E-43A9-B6C4-667A7257ABB8}.Release|Any CPU.ActiveCfg = Release|Any CPU
		{569CA80B-E98E-43A9-B6C4-667A7257ABB8}.Release|Any CPU.Build.0 = Release|Any CPU
	EndGlobalSection
	GlobalSection(SolutionProperties) = preSolution
		HideSolutionNode = FALSE
	EndGlobalSection
	GlobalSection(ExtensibilityGlobals) = postSolution
		SolutionGuid = {0CE3B21C-5CA7-4B03-BA3C-F2D544EE65A7}
	EndGlobalSection
EndGlobal
